// !$*UTF8*$!
{
	archiveVersion = 1;
	classes = {
	};
	objectVersion = 51;
	objects = {

/* Begin PBXBuildFile section */
		5FB56DC4D37969B9B81FB163 /* Pods_HeroSquad.framework in Frameworks */ = {isa = PBXBuildFile; fileRef = 419C1240DF225EB6F7569DB4 /* Pods_HeroSquad.framework */; };
		B52193F9242A19BF000344D5 /* AppDelegate.swift in Sources */ = {isa = PBXBuildFile; fileRef = B52193F8242A19BF000344D5 /* AppDelegate.swift */; };
		B5219402242A19C0000344D5 /* Assets.xcassets in Resources */ = {isa = PBXBuildFile; fileRef = B5219401242A19C0000344D5 /* Assets.xcassets */; };
		B5219405242A19C0000344D5 /* LaunchScreen.storyboard in Resources */ = {isa = PBXBuildFile; fileRef = B5219403242A19C0000344D5 /* LaunchScreen.storyboard */; };
		B5219547242A3872000344D5 /* Endpoint.swift in Sources */ = {isa = PBXBuildFile; fileRef = B5219546242A3872000344D5 /* Endpoint.swift */; };
		B5219549242A3A81000344D5 /* NetworkingClient.swift in Sources */ = {isa = PBXBuildFile; fileRef = B5219548242A3A81000344D5 /* NetworkingClient.swift */; };
		B521954B242A3B5B000344D5 /* URLSession+Networking.swift in Sources */ = {isa = PBXBuildFile; fileRef = B521954A242A3B5B000344D5 /* URLSession+Networking.swift */; };
		B521954E242A3EFD000344D5 /* Encodable+JSON.swift in Sources */ = {isa = PBXBuildFile; fileRef = B521954D242A3EFD000344D5 /* Encodable+JSON.swift */; };
		B5219551242A5C6A000344D5 /* NetworkingClientTests.swift in Sources */ = {isa = PBXBuildFile; fileRef = B5219550242A5C6A000344D5 /* NetworkingClientTests.swift */; };
		B52195E9242AB0CD000344D5 /* AppController.swift in Sources */ = {isa = PBXBuildFile; fileRef = B52195E8242AB0CD000344D5 /* AppController.swift */; };
		B5219687242B8270000344D5 /* ServicesContainer.swift in Sources */ = {isa = PBXBuildFile; fileRef = B5219686242B8270000344D5 /* ServicesContainer.swift */; };
		B52C0C6B242CBC0C000E2D14 /* HeroCollectionViewCell.swift in Sources */ = {isa = PBXBuildFile; fileRef = B52C0C6A242CBC0C000E2D14 /* HeroCollectionViewCell.swift */; };
		B52C0C71242CDB05000E2D14 /* HeroesListViewController.swift in Sources */ = {isa = PBXBuildFile; fileRef = B52C0C70242CDB05000E2D14 /* HeroesListViewController.swift */; };
		B5632CDE242B8DBF00171882 /* DataWrapper.swift in Sources */ = {isa = PBXBuildFile; fileRef = B5632CDD242B8DBF00171882 /* DataWrapper.swift */; };
		B5632CE0242B8EE900171882 /* Character.swift in Sources */ = {isa = PBXBuildFile; fileRef = B5632CDF242B8EE900171882 /* Character.swift */; };
		B5632CE2242B8F4700171882 /* MarvelImage.swift in Sources */ = {isa = PBXBuildFile; fileRef = B5632CE1242B8F4700171882 /* MarvelImage.swift */; };
		B5632CE4242B913300171882 /* Comic.swift in Sources */ = {isa = PBXBuildFile; fileRef = B5632CE3242B913300171882 /* Comic.swift */; };
		B5632CE7242B94AB00171882 /* MarvelAPIClient.swift in Sources */ = {isa = PBXBuildFile; fileRef = B5632CE6242B94AB00171882 /* MarvelAPIClient.swift */; };
		B5632CE9242B955C00171882 /* MarvelAPICredentials.swift in Sources */ = {isa = PBXBuildFile; fileRef = B5632CE8242B955C00171882 /* MarvelAPICredentials.swift */; };
		B5632D81242B982700171882 /* String+Crypto.swift in Sources */ = {isa = PBXBuildFile; fileRef = B5632D80242B982700171882 /* String+Crypto.swift */; };
		B5632D83242BB3FF00171882 /* MarvelAPIConstants.swift in Sources */ = {isa = PBXBuildFile; fileRef = B5632D82242BB3FF00171882 /* MarvelAPIConstants.swift */; };
		B5632D86242BCB9800171882 /* HeroesWireframe.swift in Sources */ = {isa = PBXBuildFile; fileRef = B5632D85242BCB9800171882 /* HeroesWireframe.swift */; };
		B5632D89242BCE8400171882 /* HeroesViewController.swift in Sources */ = {isa = PBXBuildFile; fileRef = B5632D88242BCE8400171882 /* HeroesViewController.swift */; };
		B5632D8B242BCEA000171882 /* HeroesViewModel.swift in Sources */ = {isa = PBXBuildFile; fileRef = B5632D8A242BCEA000171882 /* HeroesViewModel.swift */; };
		B5632E25242BE17F00171882 /* DesignStyling.swift in Sources */ = {isa = PBXBuildFile; fileRef = B5632E24242BE17F00171882 /* DesignStyling.swift */; };
		B5D673CB242D16D800BDB1AB /* Pagination.swift in Sources */ = {isa = PBXBuildFile; fileRef = B5D673CA242D16D800BDB1AB /* Pagination.swift */; };
		B5D673CD242D312B00BDB1AB /* UIscrollView+Rx.swift in Sources */ = {isa = PBXBuildFile; fileRef = B5D673CC242D312B00BDB1AB /* UIscrollView+Rx.swift */; };
		B5D673D1242D4EEE00BDB1AB /* ImageService.swift in Sources */ = {isa = PBXBuildFile; fileRef = B5D673D0242D4EEE00BDB1AB /* ImageService.swift */; };
		B5D67504242E199E00BDB1AB /* CharacterDetailsController.swift in Sources */ = {isa = PBXBuildFile; fileRef = B5D67503242E199E00BDB1AB /* CharacterDetailsController.swift */; };
		B5D67506242E19D100BDB1AB /* CharacterDetailsViewModel.swift in Sources */ = {isa = PBXBuildFile; fileRef = B5D67505242E19D100BDB1AB /* CharacterDetailsViewModel.swift */; };
		B5D675A0242E374500BDB1AB /* LastAppearedInView.swift in Sources */ = {isa = PBXBuildFile; fileRef = B5D6759F242E374500BDB1AB /* LastAppearedInView.swift */; };
		B5D67773242F58B100BDB1AB /* AddToSquadButton.swift in Sources */ = {isa = PBXBuildFile; fileRef = B5D67772242F58B100BDB1AB /* AddToSquadButton.swift */; };
		B5D6777A242F6A5B00BDB1AB /* MySquadPersistenceService.swift in Sources */ = {isa = PBXBuildFile; fileRef = B5D67779242F6A5B00BDB1AB /* MySquadPersistenceService.swift */; };
		B5D67812242F8A0400BDB1AB /* MySquadPersistenceServiceTests.swift in Sources */ = {isa = PBXBuildFile; fileRef = B5D67811242F8A0400BDB1AB /* MySquadPersistenceServiceTests.swift */; };
		B5D678B0242FC5D800BDB1AB /* MySquadViewController.swift in Sources */ = {isa = PBXBuildFile; fileRef = B5D678AE242FC5D800BDB1AB /* MySquadViewController.swift */; };
		B5D678B3242FD53E00BDB1AB /* MySquadHeroCollectionViewCell.swift in Sources */ = {isa = PBXBuildFile; fileRef = B5D678B2242FD53E00BDB1AB /* MySquadHeroCollectionViewCell.swift */; };
		E1DAD05E03D9CE5B7C62B301 /* Pods_HeroSquadTests.framework in Frameworks */ = {isa = PBXBuildFile; fileRef = 8DD5B0D57AB143D0587D7EC1 /* Pods_HeroSquadTests.framework */; };
/* End PBXBuildFile section */

/* Begin PBXContainerItemProxy section */
		B521940C242A19C1000344D5 /* PBXContainerItemProxy */ = {
			isa = PBXContainerItemProxy;
			containerPortal = B52193ED242A19BF000344D5 /* Project object */;
			proxyType = 1;
			remoteGlobalIDString = B52193F4242A19BF000344D5;
			remoteInfo = HeroSquad;
		};
/* End PBXContainerItemProxy section */

/* Begin PBXFileReference section */
		3E2579F777247C737441272A /* Pods-HeroSquadTests.release.xcconfig */ = {isa = PBXFileReference; includeInIndex = 1; lastKnownFileType = text.xcconfig; name = "Pods-HeroSquadTests.release.xcconfig"; path = "Target Support Files/Pods-HeroSquadTests/Pods-HeroSquadTests.release.xcconfig"; sourceTree = "<group>"; };
		419C1240DF225EB6F7569DB4 /* Pods_HeroSquad.framework */ = {isa = PBXFileReference; explicitFileType = wrapper.framework; includeInIndex = 0; path = Pods_HeroSquad.framework; sourceTree = BUILT_PRODUCTS_DIR; };
		49C66BF0B1076B83AEA07A43 /* Pods-HeroSquad.debug.xcconfig */ = {isa = PBXFileReference; includeInIndex = 1; lastKnownFileType = text.xcconfig; name = "Pods-HeroSquad.debug.xcconfig"; path = "Target Support Files/Pods-HeroSquad/Pods-HeroSquad.debug.xcconfig"; sourceTree = "<group>"; };
		8DD5B0D57AB143D0587D7EC1 /* Pods_HeroSquadTests.framework */ = {isa = PBXFileReference; explicitFileType = wrapper.framework; includeInIndex = 0; path = Pods_HeroSquadTests.framework; sourceTree = BUILT_PRODUCTS_DIR; };
		B52193F5242A19BF000344D5 /* HeroSquad.app */ = {isa = PBXFileReference; explicitFileType = wrapper.application; includeInIndex = 0; path = HeroSquad.app; sourceTree = BUILT_PRODUCTS_DIR; };
		B52193F8242A19BF000344D5 /* AppDelegate.swift */ = {isa = PBXFileReference; lastKnownFileType = sourcecode.swift; path = AppDelegate.swift; sourceTree = "<group>"; };
		B5219401242A19C0000344D5 /* Assets.xcassets */ = {isa = PBXFileReference; lastKnownFileType = folder.assetcatalog; path = Assets.xcassets; sourceTree = "<group>"; };
		B5219404242A19C0000344D5 /* Base */ = {isa = PBXFileReference; lastKnownFileType = file.storyboard; name = Base; path = Base.lproj/LaunchScreen.storyboard; sourceTree = "<group>"; };
		B5219406242A19C0000344D5 /* Info.plist */ = {isa = PBXFileReference; lastKnownFileType = text.plist.xml; path = Info.plist; sourceTree = "<group>"; };
		B521940B242A19C1000344D5 /* HeroSquadTests.xctest */ = {isa = PBXFileReference; explicitFileType = wrapper.cfbundle; includeInIndex = 0; path = HeroSquadTests.xctest; sourceTree = BUILT_PRODUCTS_DIR; };
		B5219411242A19C1000344D5 /* Info.plist */ = {isa = PBXFileReference; lastKnownFileType = text.plist.xml; path = Info.plist; sourceTree = "<group>"; };
		B5219546242A3872000344D5 /* Endpoint.swift */ = {isa = PBXFileReference; lastKnownFileType = sourcecode.swift; path = Endpoint.swift; sourceTree = "<group>"; };
		B5219548242A3A81000344D5 /* NetworkingClient.swift */ = {isa = PBXFileReference; lastKnownFileType = sourcecode.swift; path = NetworkingClient.swift; sourceTree = "<group>"; };
		B521954A242A3B5B000344D5 /* URLSession+Networking.swift */ = {isa = PBXFileReference; lastKnownFileType = sourcecode.swift; path = "URLSession+Networking.swift"; sourceTree = "<group>"; };
		B521954D242A3EFD000344D5 /* Encodable+JSON.swift */ = {isa = PBXFileReference; lastKnownFileType = sourcecode.swift; path = "Encodable+JSON.swift"; sourceTree = "<group>"; };
		B5219550242A5C6A000344D5 /* NetworkingClientTests.swift */ = {isa = PBXFileReference; lastKnownFileType = sourcecode.swift; path = NetworkingClientTests.swift; sourceTree = "<group>"; };
		B52195E8242AB0CD000344D5 /* AppController.swift */ = {isa = PBXFileReference; lastKnownFileType = sourcecode.swift; path = AppController.swift; sourceTree = "<group>"; };
		B5219686242B8270000344D5 /* ServicesContainer.swift */ = {isa = PBXFileReference; fileEncoding = 4; lastKnownFileType = sourcecode.swift; path = ServicesContainer.swift; sourceTree = "<group>"; };
		B52C0C6A242CBC0C000E2D14 /* HeroCollectionViewCell.swift */ = {isa = PBXFileReference; lastKnownFileType = sourcecode.swift; path = HeroCollectionViewCell.swift; sourceTree = "<group>"; };
		B52C0C70242CDB05000E2D14 /* HeroesListViewController.swift */ = {isa = PBXFileReference; lastKnownFileType = sourcecode.swift; path = HeroesListViewController.swift; sourceTree = "<group>"; };
		B5632CDD242B8DBF00171882 /* DataWrapper.swift */ = {isa = PBXFileReference; lastKnownFileType = sourcecode.swift; path = DataWrapper.swift; sourceTree = "<group>"; };
		B5632CDF242B8EE900171882 /* Character.swift */ = {isa = PBXFileReference; lastKnownFileType = sourcecode.swift; path = Character.swift; sourceTree = "<group>"; };
		B5632CE1242B8F4700171882 /* MarvelImage.swift */ = {isa = PBXFileReference; lastKnownFileType = sourcecode.swift; path = MarvelImage.swift; sourceTree = "<group>"; };
		B5632CE3242B913300171882 /* Comic.swift */ = {isa = PBXFileReference; lastKnownFileType = sourcecode.swift; path = Comic.swift; sourceTree = "<group>"; };
		B5632CE6242B94AB00171882 /* MarvelAPIClient.swift */ = {isa = PBXFileReference; lastKnownFileType = sourcecode.swift; path = MarvelAPIClient.swift; sourceTree = "<group>"; };
		B5632CE8242B955C00171882 /* MarvelAPICredentials.swift */ = {isa = PBXFileReference; lastKnownFileType = sourcecode.swift; path = MarvelAPICredentials.swift; sourceTree = "<group>"; };
		B5632D80242B982700171882 /* String+Crypto.swift */ = {isa = PBXFileReference; lastKnownFileType = sourcecode.swift; path = "String+Crypto.swift"; sourceTree = "<group>"; };
		B5632D82242BB3FF00171882 /* MarvelAPIConstants.swift */ = {isa = PBXFileReference; lastKnownFileType = sourcecode.swift; path = MarvelAPIConstants.swift; sourceTree = "<group>"; };
		B5632D85242BCB9800171882 /* HeroesWireframe.swift */ = {isa = PBXFileReference; lastKnownFileType = sourcecode.swift; path = HeroesWireframe.swift; sourceTree = "<group>"; };
		B5632D88242BCE8400171882 /* HeroesViewController.swift */ = {isa = PBXFileReference; lastKnownFileType = sourcecode.swift; path = HeroesViewController.swift; sourceTree = "<group>"; };
		B5632D8A242BCEA000171882 /* HeroesViewModel.swift */ = {isa = PBXFileReference; lastKnownFileType = sourcecode.swift; path = HeroesViewModel.swift; sourceTree = "<group>"; };
		B5632E24242BE17F00171882 /* DesignStyling.swift */ = {isa = PBXFileReference; lastKnownFileType = sourcecode.swift; path = DesignStyling.swift; sourceTree = "<group>"; };
		B5D673CA242D16D800BDB1AB /* Pagination.swift */ = {isa = PBXFileReference; lastKnownFileType = sourcecode.swift; path = Pagination.swift; sourceTree = "<group>"; };
		B5D673CC242D312B00BDB1AB /* UIscrollView+Rx.swift */ = {isa = PBXFileReference; fileEncoding = 4; lastKnownFileType = sourcecode.swift; path = "UIscrollView+Rx.swift"; sourceTree = "<group>"; };
		B5D673D0242D4EEE00BDB1AB /* ImageService.swift */ = {isa = PBXFileReference; lastKnownFileType = sourcecode.swift; path = ImageService.swift; sourceTree = "<group>"; };
		B5D67503242E199E00BDB1AB /* CharacterDetailsController.swift */ = {isa = PBXFileReference; lastKnownFileType = sourcecode.swift; path = CharacterDetailsController.swift; sourceTree = "<group>"; };
		B5D67505242E19D100BDB1AB /* CharacterDetailsViewModel.swift */ = {isa = PBXFileReference; lastKnownFileType = sourcecode.swift; path = CharacterDetailsViewModel.swift; sourceTree = "<group>"; };
		B5D6759F242E374500BDB1AB /* LastAppearedInView.swift */ = {isa = PBXFileReference; lastKnownFileType = sourcecode.swift; path = LastAppearedInView.swift; sourceTree = "<group>"; };
		B5D67772242F58B100BDB1AB /* AddToSquadButton.swift */ = {isa = PBXFileReference; lastKnownFileType = sourcecode.swift; path = AddToSquadButton.swift; sourceTree = "<group>"; };
		B5D67779242F6A5B00BDB1AB /* MySquadPersistenceService.swift */ = {isa = PBXFileReference; lastKnownFileType = sourcecode.swift; path = MySquadPersistenceService.swift; sourceTree = "<group>"; };
		B5D67811242F8A0400BDB1AB /* MySquadPersistenceServiceTests.swift */ = {isa = PBXFileReference; lastKnownFileType = sourcecode.swift; path = MySquadPersistenceServiceTests.swift; sourceTree = "<group>"; };
		B5D678AE242FC5D800BDB1AB /* MySquadViewController.swift */ = {isa = PBXFileReference; fileEncoding = 4; lastKnownFileType = sourcecode.swift; path = MySquadViewController.swift; sourceTree = "<group>"; };
		B5D678B2242FD53E00BDB1AB /* MySquadHeroCollectionViewCell.swift */ = {isa = PBXFileReference; lastKnownFileType = sourcecode.swift; path = MySquadHeroCollectionViewCell.swift; sourceTree = "<group>"; };
		CA501DBE8A10B300F001F0A4 /* Pods-HeroSquad.release.xcconfig */ = {isa = PBXFileReference; includeInIndex = 1; lastKnownFileType = text.xcconfig; name = "Pods-HeroSquad.release.xcconfig"; path = "Target Support Files/Pods-HeroSquad/Pods-HeroSquad.release.xcconfig"; sourceTree = "<group>"; };
		F114C44D0E323DA83C641D91 /* Pods-HeroSquadTests.debug.xcconfig */ = {isa = PBXFileReference; includeInIndex = 1; lastKnownFileType = text.xcconfig; name = "Pods-HeroSquadTests.debug.xcconfig"; path = "Target Support Files/Pods-HeroSquadTests/Pods-HeroSquadTests.debug.xcconfig"; sourceTree = "<group>"; };
/* End PBXFileReference section */

/* Begin PBXFrameworksBuildPhase section */
		B52193F2242A19BF000344D5 /* Frameworks */ = {
			isa = PBXFrameworksBuildPhase;
			buildActionMask = 2147483647;
			files = (
				5FB56DC4D37969B9B81FB163 /* Pods_HeroSquad.framework in Frameworks */,
			);
			runOnlyForDeploymentPostprocessing = 0;
		};
		B5219408242A19C1000344D5 /* Frameworks */ = {
			isa = PBXFrameworksBuildPhase;
			buildActionMask = 2147483647;
			files = (
				E1DAD05E03D9CE5B7C62B301 /* Pods_HeroSquadTests.framework in Frameworks */,
			);
			runOnlyForDeploymentPostprocessing = 0;
		};
/* End PBXFrameworksBuildPhase section */

/* Begin PBXGroup section */
		4A25BE290BC5BCBD24C75011 /* Frameworks */ = {
			isa = PBXGroup;
			children = (
				419C1240DF225EB6F7569DB4 /* Pods_HeroSquad.framework */,
				8DD5B0D57AB143D0587D7EC1 /* Pods_HeroSquadTests.framework */,
			);
			name = Frameworks;
			sourceTree = "<group>";
		};
		B2FC27D399C6AC206B616580 /* Pods */ = {
			isa = PBXGroup;
			children = (
				49C66BF0B1076B83AEA07A43 /* Pods-HeroSquad.debug.xcconfig */,
				CA501DBE8A10B300F001F0A4 /* Pods-HeroSquad.release.xcconfig */,
				F114C44D0E323DA83C641D91 /* Pods-HeroSquadTests.debug.xcconfig */,
				3E2579F777247C737441272A /* Pods-HeroSquadTests.release.xcconfig */,
			);
			path = Pods;
			sourceTree = "<group>";
		};
		B52193EC242A19BF000344D5 = {
			isa = PBXGroup;
			children = (
				B52193F7242A19BF000344D5 /* HeroSquad */,
				B521940E242A19C1000344D5 /* HeroSquadTests */,
				B52193F6242A19BF000344D5 /* Products */,
				B2FC27D399C6AC206B616580 /* Pods */,
				4A25BE290BC5BCBD24C75011 /* Frameworks */,
			);
			sourceTree = "<group>";
		};
		B52193F6242A19BF000344D5 /* Products */ = {
			isa = PBXGroup;
			children = (
				B52193F5242A19BF000344D5 /* HeroSquad.app */,
				B521940B242A19C1000344D5 /* HeroSquadTests.xctest */,
			);
			name = Products;
			sourceTree = "<group>";
		};
		B52193F7242A19BF000344D5 /* HeroSquad */ = {
			isa = PBXGroup;
			children = (
				B52193F8242A19BF000344D5 /* AppDelegate.swift */,
				B52195E8242AB0CD000344D5 /* AppController.swift */,
				B5219544242A37FD000344D5 /* Core */,
				B5632CDA242B8D8400171882 /* Modules */,
				B5219401242A19C0000344D5 /* Assets.xcassets */,
				B5219403242A19C0000344D5 /* LaunchScreen.storyboard */,
				B5219406242A19C0000344D5 /* Info.plist */,
			);
			path = HeroSquad;
			sourceTree = "<group>";
		};
		B521940E242A19C1000344D5 /* HeroSquadTests */ = {
			isa = PBXGroup;
			children = (
				B521954F242A5C4A000344D5 /* Core */,
				B5D67811242F8A0400BDB1AB /* MySquadPersistenceServiceTests.swift */,
				B5219411242A19C1000344D5 /* Info.plist */,
			);
			path = HeroSquadTests;
			sourceTree = "<group>";
		};
		B5219544242A37FD000344D5 /* Core */ = {
			isa = PBXGroup;
			children = (
				B5219686242B8270000344D5 /* ServicesContainer.swift */,
				B521954C242A3EEE000344D5 /* Extensions */,
				B5219545242A3805000344D5 /* Networking */,
				B5D673D0242D4EEE00BDB1AB /* ImageService.swift */,
			);
			path = Core;
			sourceTree = "<group>";
		};
		B5219545242A3805000344D5 /* Networking */ = {
			isa = PBXGroup;
			children = (
				B5219546242A3872000344D5 /* Endpoint.swift */,
				B5219548242A3A81000344D5 /* NetworkingClient.swift */,
				B521954A242A3B5B000344D5 /* URLSession+Networking.swift */,
			);
			path = Networking;
			sourceTree = "<group>";
		};
		B521954C242A3EEE000344D5 /* Extensions */ = {
			isa = PBXGroup;
			children = (
				B521954D242A3EFD000344D5 /* Encodable+JSON.swift */,
				B5632D80242B982700171882 /* String+Crypto.swift */,
				B5D673CC242D312B00BDB1AB /* UIscrollView+Rx.swift */,
			);
			path = Extensions;
			sourceTree = "<group>";
		};
		B521954F242A5C4A000344D5 /* Core */ = {
			isa = PBXGroup;
			children = (
				B5219550242A5C6A000344D5 /* NetworkingClientTests.swift */,
			);
			path = Core;
			sourceTree = "<group>";
		};
		B52C0C72242CDB0B000E2D14 /* List */ = {
			isa = PBXGroup;
			children = (
				B52C0C70242CDB05000E2D14 /* HeroesListViewController.swift */,
				B52C0C6A242CBC0C000E2D14 /* HeroCollectionViewCell.swift */,
			);
			path = List;
			sourceTree = "<group>";
		};
		B5632CDA242B8D8400171882 /* Modules */ = {
			isa = PBXGroup;
			children = (
				B5632CDB242B8D9100171882 /* Heroes */,
			);
			path = Modules;
			sourceTree = "<group>";
		};
		B5632CDB242B8D9100171882 /* Heroes */ = {
			isa = PBXGroup;
			children = (
				B5D67502242E198C00BDB1AB /* Character Details */,
				B5632D87242BCE6700171882 /* Main */,
				B5632CE5242B949B00171882 /* Services */,
				B5632CDC242B8DA200171882 /* Models */,
				B5632D85242BCB9800171882 /* HeroesWireframe.swift */,
			);
			path = Heroes;
			sourceTree = "<group>";
		};
		B5632CDC242B8DA200171882 /* Models */ = {
			isa = PBXGroup;
			children = (
				B5632CDD242B8DBF00171882 /* DataWrapper.swift */,
				B5632CDF242B8EE900171882 /* Character.swift */,
				B5632CE1242B8F4700171882 /* MarvelImage.swift */,
				B5632CE3242B913300171882 /* Comic.swift */,
			);
			path = Models;
			sourceTree = "<group>";
		};
		B5632CE5242B949B00171882 /* Services */ = {
			isa = PBXGroup;
			children = (
				B5632D8D242BE11900171882 /* Design */,
				B5632D8C242BE10D00171882 /* MarvelAPI */,
				B5D67779242F6A5B00BDB1AB /* MySquadPersistenceService.swift */,
			);
			path = Services;
			sourceTree = "<group>";
		};
		B5632D87242BCE6700171882 /* Main */ = {
			isa = PBXGroup;
			children = (
				B5632D88242BCE8400171882 /* HeroesViewController.swift */,
				B5632D8A242BCEA000171882 /* HeroesViewModel.swift */,
				B52C0C72242CDB0B000E2D14 /* List */,
				B5D678AD242FC5C900BDB1AB /* MySquad */,
			);
			path = Main;
			sourceTree = "<group>";
		};
		B5632D8C242BE10D00171882 /* MarvelAPI */ = {
			isa = PBXGroup;
			children = (
				B5632CE6242B94AB00171882 /* MarvelAPIClient.swift */,
				B5632CE8242B955C00171882 /* MarvelAPICredentials.swift */,
				B5632D82242BB3FF00171882 /* MarvelAPIConstants.swift */,
				B5D673CA242D16D800BDB1AB /* Pagination.swift */,
			);
			path = MarvelAPI;
			sourceTree = "<group>";
		};
		B5632D8D242BE11900171882 /* Design */ = {
			isa = PBXGroup;
			children = (
				B5632E24242BE17F00171882 /* DesignStyling.swift */,
			);
			path = Design;
			sourceTree = "<group>";
		};
		B5D67502242E198C00BDB1AB /* Character Details */ = {
			isa = PBXGroup;
			children = (
				B5D67503242E199E00BDB1AB /* CharacterDetailsController.swift */,
				B5D67505242E19D100BDB1AB /* CharacterDetailsViewModel.swift */,
				B5D6759F242E374500BDB1AB /* LastAppearedInView.swift */,
				B5D67772242F58B100BDB1AB /* AddToSquadButton.swift */,
			);
			path = "Character Details";
			sourceTree = "<group>";
		};
		B5D678AD242FC5C900BDB1AB /* MySquad */ = {
			isa = PBXGroup;
			children = (
				B5D678AE242FC5D800BDB1AB /* MySquadViewController.swift */,
				B5D678B2242FD53E00BDB1AB /* MySquadHeroCollectionViewCell.swift */,
			);
			path = MySquad;
			sourceTree = "<group>";
		};
/* End PBXGroup section */

/* Begin PBXNativeTarget section */
		B52193F4242A19BF000344D5 /* HeroSquad */ = {
			isa = PBXNativeTarget;
			buildConfigurationList = B5219414242A19C1000344D5 /* Build configuration list for PBXNativeTarget "HeroSquad" */;
			buildPhases = (
				F389F12BE92B46E754B58217 /* [CP] Check Pods Manifest.lock */,
				B52193F1242A19BF000344D5 /* Sources */,
				B52193F2242A19BF000344D5 /* Frameworks */,
				B52193F3242A19BF000344D5 /* Resources */,
				B1C762B4A8E256AFD0584DA4 /* [CP] Embed Pods Frameworks */,
			);
			buildRules = (
			);
			dependencies = (
			);
			name = HeroSquad;
			productName = HeroSquad;
			productReference = B52193F5242A19BF000344D5 /* HeroSquad.app */;
			productType = "com.apple.product-type.application";
		};
		B521940A242A19C1000344D5 /* HeroSquadTests */ = {
			isa = PBXNativeTarget;
			buildConfigurationList = B5219417242A19C1000344D5 /* Build configuration list for PBXNativeTarget "HeroSquadTests" */;
			buildPhases = (
				98616776836C253F70BC83E1 /* [CP] Check Pods Manifest.lock */,
				B5219407242A19C1000344D5 /* Sources */,
				B5219408242A19C1000344D5 /* Frameworks */,
				B5219409242A19C1000344D5 /* Resources */,
				C64A316BF5703D2A16755D3C /* [CP] Embed Pods Frameworks */,
			);
			buildRules = (
			);
			dependencies = (
				B521940D242A19C1000344D5 /* PBXTargetDependency */,
			);
			name = HeroSquadTests;
			productName = HeroSquadTests;
			productReference = B521940B242A19C1000344D5 /* HeroSquadTests.xctest */;
			productType = "com.apple.product-type.bundle.unit-test";
		};
/* End PBXNativeTarget section */

/* Begin PBXProject section */
		B52193ED242A19BF000344D5 /* Project object */ = {
			isa = PBXProject;
			attributes = {
				LastSwiftUpdateCheck = 1130;
				LastUpgradeCheck = 1130;
				ORGANIZATIONNAME = "Decimal Digital";
				TargetAttributes = {
					B52193F4242A19BF000344D5 = {
						CreatedOnToolsVersion = 11.3.1;
					};
					B521940A242A19C1000344D5 = {
						CreatedOnToolsVersion = 11.3.1;
						TestTargetID = B52193F4242A19BF000344D5;
					};
				};
			};
			buildConfigurationList = B52193F0242A19BF000344D5 /* Build configuration list for PBXProject "HeroSquad" */;
			compatibilityVersion = "Xcode 9.3";
			developmentRegion = en;
			hasScannedForEncodings = 0;
			knownRegions = (
				en,
				Base,
			);
			mainGroup = B52193EC242A19BF000344D5;
			productRefGroup = B52193F6242A19BF000344D5 /* Products */;
			projectDirPath = "";
			projectRoot = "";
			targets = (
				B52193F4242A19BF000344D5 /* HeroSquad */,
				B521940A242A19C1000344D5 /* HeroSquadTests */,
			);
		};
/* End PBXProject section */

/* Begin PBXResourcesBuildPhase section */
		B52193F3242A19BF000344D5 /* Resources */ = {
			isa = PBXResourcesBuildPhase;
			buildActionMask = 2147483647;
			files = (
				B5219405242A19C0000344D5 /* LaunchScreen.storyboard in Resources */,
				B5219402242A19C0000344D5 /* Assets.xcassets in Resources */,
			);
			runOnlyForDeploymentPostprocessing = 0;
		};
		B5219409242A19C1000344D5 /* Resources */ = {
			isa = PBXResourcesBuildPhase;
			buildActionMask = 2147483647;
			files = (
			);
			runOnlyForDeploymentPostprocessing = 0;
		};
/* End PBXResourcesBuildPhase section */

/* Begin PBXShellScriptBuildPhase section */
		98616776836C253F70BC83E1 /* [CP] Check Pods Manifest.lock */ = {
			isa = PBXShellScriptBuildPhase;
			buildActionMask = 2147483647;
			files = (
			);
			inputFileListPaths = (
			);
			inputPaths = (
				"${PODS_PODFILE_DIR_PATH}/Podfile.lock",
				"${PODS_ROOT}/Manifest.lock",
			);
			name = "[CP] Check Pods Manifest.lock";
			outputFileListPaths = (
			);
			outputPaths = (
				"$(DERIVED_FILE_DIR)/Pods-HeroSquadTests-checkManifestLockResult.txt",
			);
			runOnlyForDeploymentPostprocessing = 0;
			shellPath = /bin/sh;
			shellScript = "diff \"${PODS_PODFILE_DIR_PATH}/Podfile.lock\" \"${PODS_ROOT}/Manifest.lock\" > /dev/null\nif [ $? != 0 ] ; then\n    # print error to STDERR\n    echo \"error: The sandbox is not in sync with the Podfile.lock. Run 'pod install' or update your CocoaPods installation.\" >&2\n    exit 1\nfi\n# This output is used by Xcode 'outputs' to avoid re-running this script phase.\necho \"SUCCESS\" > \"${SCRIPT_OUTPUT_FILE_0}\"\n";
			showEnvVarsInLog = 0;
		};
		B1C762B4A8E256AFD0584DA4 /* [CP] Embed Pods Frameworks */ = {
			isa = PBXShellScriptBuildPhase;
			buildActionMask = 2147483647;
			files = (
			);
			inputFileListPaths = (
				"${PODS_ROOT}/Target Support Files/Pods-HeroSquad/Pods-HeroSquad-frameworks-${CONFIGURATION}-input-files.xcfilelist",
			);
			name = "[CP] Embed Pods Frameworks";
			outputFileListPaths = (
				"${PODS_ROOT}/Target Support Files/Pods-HeroSquad/Pods-HeroSquad-frameworks-${CONFIGURATION}-output-files.xcfilelist",
			);
			runOnlyForDeploymentPostprocessing = 0;
			shellPath = /bin/sh;
			shellScript = "\"${PODS_ROOT}/Target Support Files/Pods-HeroSquad/Pods-HeroSquad-frameworks.sh\"\n";
			showEnvVarsInLog = 0;
		};
		C64A316BF5703D2A16755D3C /* [CP] Embed Pods Frameworks */ = {
			isa = PBXShellScriptBuildPhase;
			buildActionMask = 2147483647;
			files = (
			);
			inputFileListPaths = (
				"${PODS_ROOT}/Target Support Files/Pods-HeroSquadTests/Pods-HeroSquadTests-frameworks-${CONFIGURATION}-input-files.xcfilelist",
			);
			name = "[CP] Embed Pods Frameworks";
			outputFileListPaths = (
				"${PODS_ROOT}/Target Support Files/Pods-HeroSquadTests/Pods-HeroSquadTests-frameworks-${CONFIGURATION}-output-files.xcfilelist",
			);
			runOnlyForDeploymentPostprocessing = 0;
			shellPath = /bin/sh;
			shellScript = "\"${PODS_ROOT}/Target Support Files/Pods-HeroSquadTests/Pods-HeroSquadTests-frameworks.sh\"\n";
			showEnvVarsInLog = 0;
		};
		F389F12BE92B46E754B58217 /* [CP] Check Pods Manifest.lock */ = {
			isa = PBXShellScriptBuildPhase;
			buildActionMask = 2147483647;
			files = (
			);
			inputFileListPaths = (
			);
			inputPaths = (
				"${PODS_PODFILE_DIR_PATH}/Podfile.lock",
				"${PODS_ROOT}/Manifest.lock",
			);
			name = "[CP] Check Pods Manifest.lock";
			outputFileListPaths = (
			);
			outputPaths = (
				"$(DERIVED_FILE_DIR)/Pods-HeroSquad-checkManifestLockResult.txt",
			);
			runOnlyForDeploymentPostprocessing = 0;
			shellPath = /bin/sh;
			shellScript = "diff \"${PODS_PODFILE_DIR_PATH}/Podfile.lock\" \"${PODS_ROOT}/Manifest.lock\" > /dev/null\nif [ $? != 0 ] ; then\n    # print error to STDERR\n    echo \"error: The sandbox is not in sync with the Podfile.lock. Run 'pod install' or update your CocoaPods installation.\" >&2\n    exit 1\nfi\n# This output is used by Xcode 'outputs' to avoid re-running this script phase.\necho \"SUCCESS\" > \"${SCRIPT_OUTPUT_FILE_0}\"\n";
			showEnvVarsInLog = 0;
		};
/* End PBXShellScriptBuildPhase section */

/* Begin PBXSourcesBuildPhase section */
		B52193F1242A19BF000344D5 /* Sources */ = {
			isa = PBXSourcesBuildPhase;
			buildActionMask = 2147483647;
			files = (
				B52C0C6B242CBC0C000E2D14 /* HeroCollectionViewCell.swift in Sources */,
				B5632CE0242B8EE900171882 /* Character.swift in Sources */,
				B5219687242B8270000344D5 /* ServicesContainer.swift in Sources */,
				B5D6777A242F6A5B00BDB1AB /* MySquadPersistenceService.swift in Sources */,
				B521954B242A3B5B000344D5 /* URLSession+Networking.swift in Sources */,
				B52C0C71242CDB05000E2D14 /* HeroesListViewController.swift in Sources */,
				B5219547242A3872000344D5 /* Endpoint.swift in Sources */,
				B5D67504242E199E00BDB1AB /* CharacterDetailsController.swift in Sources */,
				B5D675A0242E374500BDB1AB /* LastAppearedInView.swift in Sources */,
				B5632D8B242BCEA000171882 /* HeroesViewModel.swift in Sources */,
				B5D673CB242D16D800BDB1AB /* Pagination.swift in Sources */,
				B5632CE7242B94AB00171882 /* MarvelAPIClient.swift in Sources */,
				B5632CE9242B955C00171882 /* MarvelAPICredentials.swift in Sources */,
				B521954E242A3EFD000344D5 /* Encodable+JSON.swift in Sources */,
				B5D678B3242FD53E00BDB1AB /* MySquadHeroCollectionViewCell.swift in Sources */,
				B52193F9242A19BF000344D5 /* AppDelegate.swift in Sources */,
				B5D67506242E19D100BDB1AB /* CharacterDetailsViewModel.swift in Sources */,
				B5632D86242BCB9800171882 /* HeroesWireframe.swift in Sources */,
				B5632D89242BCE8400171882 /* HeroesViewController.swift in Sources */,
				B5219549242A3A81000344D5 /* NetworkingClient.swift in Sources */,
				B5D678B0242FC5D800BDB1AB /* MySquadViewController.swift in Sources */,
				B5632E25242BE17F00171882 /* DesignStyling.swift in Sources */,
				B5D67773242F58B100BDB1AB /* AddToSquadButton.swift in Sources */,
				B5632D81242B982700171882 /* String+Crypto.swift in Sources */,
				B5D673D1242D4EEE00BDB1AB /* ImageService.swift in Sources */,
				B5632CE4242B913300171882 /* Comic.swift in Sources */,
				B52195E9242AB0CD000344D5 /* AppController.swift in Sources */,
				B5632CE2242B8F4700171882 /* MarvelImage.swift in Sources */,
				B5632CDE242B8DBF00171882 /* DataWrapper.swift in Sources */,
				B5632D83242BB3FF00171882 /* MarvelAPIConstants.swift in Sources */,
				B5D673CD242D312B00BDB1AB /* UIscrollView+Rx.swift in Sources */,
			);
			runOnlyForDeploymentPostprocessing = 0;
		};
		B5219407242A19C1000344D5 /* Sources */ = {
			isa = PBXSourcesBuildPhase;
			buildActionMask = 2147483647;
			files = (
				B5D67812242F8A0400BDB1AB /* MySquadPersistenceServiceTests.swift in Sources */,
				B5219551242A5C6A000344D5 /* NetworkingClientTests.swift in Sources */,
			);
			runOnlyForDeploymentPostprocessing = 0;
		};
/* End PBXSourcesBuildPhase section */

/* Begin PBXTargetDependency section */
		B521940D242A19C1000344D5 /* PBXTargetDependency */ = {
			isa = PBXTargetDependency;
			target = B52193F4242A19BF000344D5 /* HeroSquad */;
			targetProxy = B521940C242A19C1000344D5 /* PBXContainerItemProxy */;
		};
/* End PBXTargetDependency section */

/* Begin PBXVariantGroup section */
		B5219403242A19C0000344D5 /* LaunchScreen.storyboard */ = {
			isa = PBXVariantGroup;
			children = (
				B5219404242A19C0000344D5 /* Base */,
			);
			name = LaunchScreen.storyboard;
			sourceTree = "<group>";
		};
/* End PBXVariantGroup section */

/* Begin XCBuildConfiguration section */
		B5219412242A19C1000344D5 /* Debug */ = {
			isa = XCBuildConfiguration;
			buildSettings = {
				ALWAYS_SEARCH_USER_PATHS = NO;
				CLANG_ANALYZER_NONNULL = YES;
				CLANG_ANALYZER_NUMBER_OBJECT_CONVERSION = YES_AGGRESSIVE;
				CLANG_CXX_LANGUAGE_STANDARD = "gnu++14";
				CLANG_CXX_LIBRARY = "libc++";
				CLANG_ENABLE_MODULES = YES;
				CLANG_ENABLE_OBJC_ARC = YES;
				CLANG_ENABLE_OBJC_WEAK = YES;
				CLANG_WARN_BLOCK_CAPTURE_AUTORELEASING = YES;
				CLANG_WARN_BOOL_CONVERSION = YES;
				CLANG_WARN_COMMA = YES;
				CLANG_WARN_CONSTANT_CONVERSION = YES;
				CLANG_WARN_DEPRECATED_OBJC_IMPLEMENTATIONS = YES;
				CLANG_WARN_DIRECT_OBJC_ISA_USAGE = YES_ERROR;
				CLANG_WARN_DOCUMENTATION_COMMENTS = YES;
				CLANG_WARN_EMPTY_BODY = YES;
				CLANG_WARN_ENUM_CONVERSION = YES;
				CLANG_WARN_INFINITE_RECURSION = YES;
				CLANG_WARN_INT_CONVERSION = YES;
				CLANG_WARN_NON_LITERAL_NULL_CONVERSION = YES;
				CLANG_WARN_OBJC_IMPLICIT_RETAIN_SELF = YES;
				CLANG_WARN_OBJC_LITERAL_CONVERSION = YES;
				CLANG_WARN_OBJC_ROOT_CLASS = YES_ERROR;
				CLANG_WARN_RANGE_LOOP_ANALYSIS = YES;
				CLANG_WARN_STRICT_PROTOTYPES = YES;
				CLANG_WARN_SUSPICIOUS_MOVE = YES;
				CLANG_WARN_UNGUARDED_AVAILABILITY = YES_AGGRESSIVE;
				CLANG_WARN_UNREACHABLE_CODE = YES;
				CLANG_WARN__DUPLICATE_METHOD_MATCH = YES;
				COPY_PHASE_STRIP = NO;
				DEBUG_INFORMATION_FORMAT = dwarf;
				ENABLE_STRICT_OBJC_MSGSEND = YES;
				ENABLE_TESTABILITY = YES;
				GCC_C_LANGUAGE_STANDARD = gnu11;
				GCC_DYNAMIC_NO_PIC = NO;
				GCC_NO_COMMON_BLOCKS = YES;
				GCC_OPTIMIZATION_LEVEL = 0;
				GCC_PREPROCESSOR_DEFINITIONS = (
					"DEBUG=1",
					"$(inherited)",
				);
				GCC_WARN_64_TO_32_BIT_CONVERSION = YES;
				GCC_WARN_ABOUT_RETURN_TYPE = YES_ERROR;
				GCC_WARN_UNDECLARED_SELECTOR = YES;
				GCC_WARN_UNINITIALIZED_AUTOS = YES_AGGRESSIVE;
				GCC_WARN_UNUSED_FUNCTION = YES;
				GCC_WARN_UNUSED_VARIABLE = YES;
				IPHONEOS_DEPLOYMENT_TARGET = 13.2;
				MTL_ENABLE_DEBUG_INFO = INCLUDE_SOURCE;
				MTL_FAST_MATH = YES;
				ONLY_ACTIVE_ARCH = YES;
				SDKROOT = iphoneos;
				SWIFT_ACTIVE_COMPILATION_CONDITIONS = DEBUG;
				SWIFT_OPTIMIZATION_LEVEL = "-Onone";
			};
			name = Debug;
		};
		B5219413242A19C1000344D5 /* Release */ = {
			isa = XCBuildConfiguration;
			buildSettings = {
				ALWAYS_SEARCH_USER_PATHS = NO;
				CLANG_ANALYZER_NONNULL = YES;
				CLANG_ANALYZER_NUMBER_OBJECT_CONVERSION = YES_AGGRESSIVE;
				CLANG_CXX_LANGUAGE_STANDARD = "gnu++14";
				CLANG_CXX_LIBRARY = "libc++";
				CLANG_ENABLE_MODULES = YES;
				CLANG_ENABLE_OBJC_ARC = YES;
				CLANG_ENABLE_OBJC_WEAK = YES;
				CLANG_WARN_BLOCK_CAPTURE_AUTORELEASING = YES;
				CLANG_WARN_BOOL_CONVERSION = YES;
				CLANG_WARN_COMMA = YES;
				CLANG_WARN_CONSTANT_CONVERSION = YES;
				CLANG_WARN_DEPRECATED_OBJC_IMPLEMENTATIONS = YES;
				CLANG_WARN_DIRECT_OBJC_ISA_USAGE = YES_ERROR;
				CLANG_WARN_DOCUMENTATION_COMMENTS = YES;
				CLANG_WARN_EMPTY_BODY = YES;
				CLANG_WARN_ENUM_CONVERSION = YES;
				CLANG_WARN_INFINITE_RECURSION = YES;
				CLANG_WARN_INT_CONVERSION = YES;
				CLANG_WARN_NON_LITERAL_NULL_CONVERSION = YES;
				CLANG_WARN_OBJC_IMPLICIT_RETAIN_SELF = YES;
				CLANG_WARN_OBJC_LITERAL_CONVERSION = YES;
				CLANG_WARN_OBJC_ROOT_CLASS = YES_ERROR;
				CLANG_WARN_RANGE_LOOP_ANALYSIS = YES;
				CLANG_WARN_STRICT_PROTOTYPES = YES;
				CLANG_WARN_SUSPICIOUS_MOVE = YES;
				CLANG_WARN_UNGUARDED_AVAILABILITY = YES_AGGRESSIVE;
				CLANG_WARN_UNREACHABLE_CODE = YES;
				CLANG_WARN__DUPLICATE_METHOD_MATCH = YES;
				COPY_PHASE_STRIP = NO;
				DEBUG_INFORMATION_FORMAT = "dwarf-with-dsym";
				ENABLE_NS_ASSERTIONS = NO;
				ENABLE_STRICT_OBJC_MSGSEND = YES;
				GCC_C_LANGUAGE_STANDARD = gnu11;
				GCC_NO_COMMON_BLOCKS = YES;
				GCC_WARN_64_TO_32_BIT_CONVERSION = YES;
				GCC_WARN_ABOUT_RETURN_TYPE = YES_ERROR;
				GCC_WARN_UNDECLARED_SELECTOR = YES;
				GCC_WARN_UNINITIALIZED_AUTOS = YES_AGGRESSIVE;
				GCC_WARN_UNUSED_FUNCTION = YES;
				GCC_WARN_UNUSED_VARIABLE = YES;
				IPHONEOS_DEPLOYMENT_TARGET = 13.2;
				MTL_ENABLE_DEBUG_INFO = NO;
				MTL_FAST_MATH = YES;
				SDKROOT = iphoneos;
				SWIFT_COMPILATION_MODE = wholemodule;
				SWIFT_OPTIMIZATION_LEVEL = "-O";
				VALIDATE_PRODUCT = YES;
			};
			name = Release;
		};
		B5219415242A19C1000344D5 /* Debug */ = {
			isa = XCBuildConfiguration;
			baseConfigurationReference = 49C66BF0B1076B83AEA07A43 /* Pods-HeroSquad.debug.xcconfig */;
			buildSettings = {
				ASSETCATALOG_COMPILER_APPICON_NAME = AppIcon;
				CODE_SIGN_STYLE = Automatic;
				INFOPLIST_FILE = HeroSquad/Info.plist;
				IPHONEOS_DEPLOYMENT_TARGET = 12.0;
				LD_RUNPATH_SEARCH_PATHS = (
					"$(inherited)",
					"@executable_path/Frameworks",
				);
				PRODUCT_BUNDLE_IDENTIFIER = com.decimal.HeroSquad;
				PRODUCT_NAME = "$(TARGET_NAME)";
				SWIFT_VERSION = 5.0;
				TARGETED_DEVICE_FAMILY = "1,2";
			};
			name = Debug;
		};
		B5219416242A19C1000344D5 /* Release */ = {
			isa = XCBuildConfiguration;
			baseConfigurationReference = CA501DBE8A10B300F001F0A4 /* Pods-HeroSquad.release.xcconfig */;
			buildSettings = {
				ASSETCATALOG_COMPILER_APPICON_NAME = AppIcon;
				CODE_SIGN_STYLE = Automatic;
				INFOPLIST_FILE = HeroSquad/Info.plist;
				IPHONEOS_DEPLOYMENT_TARGET = 12.0;
				LD_RUNPATH_SEARCH_PATHS = (
					"$(inherited)",
					"@executable_path/Frameworks",
				);
				PRODUCT_BUNDLE_IDENTIFIER = com.decimal.HeroSquad;
				PRODUCT_NAME = "$(TARGET_NAME)";
				SWIFT_VERSION = 5.0;
				TARGETED_DEVICE_FAMILY = "1,2";
			};
			name = Release;
		};
		B5219418242A19C1000344D5 /* Debug */ = {
			isa = XCBuildConfiguration;
			baseConfigurationReference = F114C44D0E323DA83C641D91 /* Pods-HeroSquadTests.debug.xcconfig */;
			buildSettings = {
				ALWAYS_EMBED_SWIFT_STANDARD_LIBRARIES = YES;
				BUNDLE_LOADER = "$(TEST_HOST)";
				CODE_SIGN_STYLE = Automatic;
				INFOPLIST_FILE = HeroSquadTests/Info.plist;
				IPHONEOS_DEPLOYMENT_TARGET = 13.2;
				LD_RUNPATH_SEARCH_PATHS = (
					"$(inherited)",
					"@executable_path/Frameworks",
					"@loader_path/Frameworks",
				);
				PRODUCT_BUNDLE_IDENTIFIER = com.decimal.HeroSquadTests;
				PRODUCT_NAME = "$(TARGET_NAME)";
				SWIFT_VERSION = 5.0;
				TARGETED_DEVICE_FAMILY = "1,2";
				TEST_HOST = "$(BUILT_PRODUCTS_DIR)/HeroSquad.app/HeroSquad";
			};
			name = Debug;
		};
		B5219419242A19C1000344D5 /* Release */ = {
			isa = XCBuildConfiguration;
			baseConfigurationReference = 3E2579F777247C737441272A /* Pods-HeroSquadTests.release.xcconfig */;
			buildSettings = {
				ALWAYS_EMBED_SWIFT_STANDARD_LIBRARIES = YES;
				BUNDLE_LOADER = "$(TEST_HOST)";
				CODE_SIGN_STYLE = Automatic;
				INFOPLIST_FILE = HeroSquadTests/Info.plist;
				IPHONEOS_DEPLOYMENT_TARGET = 13.2;
				LD_RUNPATH_SEARCH_PATHS = (
					"$(inherited)",
					"@executable_path/Frameworks",
					"@loader_path/Frameworks",
				);
				PRODUCT_BUNDLE_IDENTIFIER = com.decimal.HeroSquadTests;
				PRODUCT_NAME = "$(TARGET_NAME)";
				SWIFT_VERSION = 5.0;
				TARGETED_DEVICE_FAMILY = "1,2";
				TEST_HOST = "$(BUILT_PRODUCTS_DIR)/HeroSquad.app/HeroSquad";
			};
			name = Release;
		};
/* End XCBuildConfiguration section */

/* Begin XCConfigurationList section */
		B52193F0242A19BF000344D5 /* Build configuration list for PBXProject "HeroSquad" */ = {
			isa = XCConfigurationList;
			buildConfigurations = (
				B5219412242A19C1000344D5 /* Debug */,
				B5219413242A19C1000344D5 /* Release */,
			);
			defaultConfigurationIsVisible = 0;
			defaultConfigurationName = Release;
		};
		B5219414242A19C1000344D5 /* Build configuration list for PBXNativeTarget "HeroSquad" */ = {
			isa = XCConfigurationList;
			buildConfigurations = (
				B5219415242A19C1000344D5 /* Debug */,
				B5219416242A19C1000344D5 /* Release */,
			);
			defaultConfigurationIsVisible = 0;
			defaultConfigurationName = Release;
		};
		B5219417242A19C1000344D5 /* Build configuration list for PBXNativeTarget "HeroSquadTests" */ = {
			isa = XCConfigurationList;
			buildConfigurations = (
				B5219418242A19C1000344D5 /* Debug */,
				B5219419242A19C1000344D5 /* Release */,
			);
			defaultConfigurationIsVisible = 0;
			defaultConfigurationName = Release;
		};
/* End XCConfigurationList section */
	};
	rootObject = B52193ED242A19BF000344D5 /* Project object */;
}
